schema: '2.0'
stages:
  preparation_phase:
    cmd: python src/data_ingestion.py
    deps:
    - path: data/raw/dataset.csv
      hash: md5
      md5: 378e50a49c97277f1841a684687c2020
      size: 3768210
    - path: src/data_ingestion.py
      hash: md5
      md5: 33987ea3cdb0b5244e383bcc50661ed6
      size: 1899
    outs:
    - path: data/data_preparation_phase/
      hash: md5
      md5: 3ab315ab77d2551926d65789019dfec0.dir
      size: 817615
      nfiles: 3
  preprocessing_phase:
    cmd: python src/data_preprocessing.py
    deps:
    - path: data/data_preparation_phase/
      hash: md5
      md5: 3ab315ab77d2551926d65789019dfec0.dir
      size: 817615
      nfiles: 3
    - path: src/data_preprocessing.py
      hash: md5
      md5: ece1fdf67f0bf25adba74e135778f3cc
      size: 2354
    outs:
    - path: data/preprocessing_phase/
      hash: md5
      md5: 81a99d8c82ee8b3c0e5e6a59036eba63.dir
      size: 535197
      nfiles: 3
  features:
    cmd: python src/feature_engineering.py
    deps:
    - path: data/corpus/
      hash: md5
      md5: 881ce0fde709c91feb26c2cd1757404d.dir
      size: 15637
      nfiles: 2
    - path: data/preprocessing_phase/
      hash: md5
      md5: 81a99d8c82ee8b3c0e5e6a59036eba63.dir
      size: 535197
      nfiles: 3
    - path: src/feature_engineering.py
      hash: md5
      md5: e2f665443bc40a387fb6262fe4dc1f28
      size: 1838
    outs:
    - path: data/features/
      hash: md5
      md5: e66c9588107fb557b2bca927817c56f0.dir
      size: 445621407
      nfiles: 3
